
Microsoft Visual Studio Solution File, Format Version 12.00
# Visual Studio Version 17
VisualStudioVersion = 17.6.33723.286
MinimumVisualStudioVersion = 10.0.40219.1
Project("{FAE04EC0-301F-11D3-BF4B-00C04F79EFBC}") = "DatabaseBackupService", "DatabaseBackupService.csproj", "{EAC95C5E-ACFB-499F-8417-3418305695F0}"
EndProject
Global
	GlobalSection(SolutionConfigurationPlatforms) = preSolution
		Debug|Any CPU = Debug|Any CPU
		Release|Any CPU = Release|Any CPU
	EndGlobalSection
	GlobalSection(ProjectConfigurationPlatforms) = postSolution
		{EAC95C5E-ACFB-499F-8417-3418305695F0}.Debug|Any CPU.ActiveCfg = Debug|Any CPU
		{EAC95C5E-ACFB-499F-8417-3418305695F0}.Debug|Any CPU.Build.0 = Debug|Any CPU
		{EAC95C5E-ACFB-499F-8417-3418305695F0}.Release|Any CPU.ActiveCfg = Release|Any CPU
		{EAC95C5E-ACFB-499F-8417-3418305695F0}.Release|Any CPU.Build.0 = Release|Any CPU
	EndGlobalSection
	GlobalSection(SolutionProperties) = preSolution
		HideSolutionNode = FALSE
	EndGlobalSection
	GlobalSection(ExtensibilityGlobals) = postSolution
		SolutionGuid = {47715679-D7EB-4965-AEE9-1F023F7349B6}
	EndGlobalSection
EndGlobal
